Microsoft Visual Studio Solution File, Format Version 12.00
# Visual Studio 15
VisualStudioVersion = 15.0.26430.14
MinimumVisualStudioVersion = 10.0.40219.1
Project("{FAE04EC0-301F-11D3-BF4B-00C04F79EFBC}") = "YoutubeDataAPI.Standard", "YoutubeDataAPI.Standard/YoutubeDataAPI.Standard.csproj", "{1d5b7f9e-61e2-4afe-b326-72fe93e38759}"
EndProject
Global
    GlobalSection(SolutionConfigurationPlatforms) = preSolution
        Debug|Any CPU = Debug|Any CPU
        Release|Any CPU = Release|Any CPU
    EndGlobalSection
    GlobalSection(ProjectConfigurationPlatforms) = postSolution
        {1d5b7f9e-61e2-4afe-b326-72fe93e38759}.Debug|Any CPU.ActiveCfg = Debug|Any CPU
        {1d5b7f9e-61e2-4afe-b326-72fe93e38759}.Debug|Any CPU.Build.0 = Debug|Any CPU
        {1d5b7f9e-61e2-4afe-b326-72fe93e38759}.Release|Any CPU.ActiveCfg = Release|Any CPU
        {1d5b7f9e-61e2-4afe-b326-72fe93e38759}.Release|Any CPU.Build.0 = Release|Any CPU
    EndGlobalSection
    GlobalSection(SolutionProperties) = preSolution
        HideSolutionNode = FALSE
    EndGlobalSection
EndGlobal
